
Microsoft Visual Studio Solution File, Format Version 12.00
# Visual Studio Version 17
VisualStudioVersion = 17.13.35818.85 d17.13
MinimumVisualStudioVersion = 10.0.40219.1
Project("{FAE04EC0-301F-11D3-BF4B-00C04F79EFBC}") = "Arraay for and for each loop", "Arraay for and for each loop\Arraay for and for each loop.csproj", "{D45BBDAF-B68B-4EE0-BDE0-FC403F52EF1F}"
EndProject
Global
	GlobalSection(SolutionConfigurationPlatforms) = preSolution
		Debug|Any CPU = Debug|Any CPU
		Release|Any CPU = Release|Any CPU
	EndGlobalSection
	GlobalSection(ProjectConfigurationPlatforms) = postSolution
		{D45BBDAF-B68B-4EE0-BDE0-FC403F52EF1F}.Debug|Any CPU.ActiveCfg = Debug|Any CPU
		{D45BBDAF-B68B-4EE0-BDE0-FC403F52EF1F}.Debug|Any CPU.Build.0 = Debug|Any CPU
		{D45BBDAF-B68B-4EE0-BDE0-FC403F52EF1F}.Release|Any CPU.ActiveCfg = Release|Any CPU
		{D45BBDAF-B68B-4EE0-BDE0-FC403F52EF1F}.Release|Any CPU.Build.0 = Release|Any CPU
	EndGlobalSection
	GlobalSection(SolutionProperties) = preSolution
		HideSolutionNode = FALSE
	EndGlobalSection
	GlobalSection(ExtensibilityGlobals) = postSolution
		SolutionGuid = {7EC77058-6C0D-4334-96C3-3DEF366D3983}
	EndGlobalSection
EndGlobal
