
Microsoft Visual Studio Solution File, Format Version 12.00
# Visual Studio Version 17
VisualStudioVersion = 17.13.35818.85 d17.13
MinimumVisualStudioVersion = 10.0.40219.1
Project("{FAE04EC0-301F-11D3-BF4B-00C04F79EFBC}") = "OOP Setter and Getter", "OOP Setter and Getter\OOP Setter and Getter.csproj", "{479E5B21-7E44-491D-8DD6-50744A05336C}"
EndProject
Global
	GlobalSection(SolutionConfigurationPlatforms) = preSolution
		Debug|Any CPU = Debug|Any CPU
		Release|Any CPU = Release|Any CPU
	EndGlobalSection
	GlobalSection(ProjectConfigurationPlatforms) = postSolution
		{479E5B21-7E44-491D-8DD6-50744A05336C}.Debug|Any CPU.ActiveCfg = Debug|Any CPU
		{479E5B21-7E44-491D-8DD6-50744A05336C}.Debug|Any CPU.Build.0 = Debug|Any CPU
		{479E5B21-7E44-491D-8DD6-50744A05336C}.Release|Any CPU.ActiveCfg = Release|Any CPU
		{479E5B21-7E44-491D-8DD6-50744A05336C}.Release|Any CPU.Build.0 = Release|Any CPU
	EndGlobalSection
	GlobalSection(SolutionProperties) = preSolution
		HideSolutionNode = FALSE
	EndGlobalSection
	GlobalSection(ExtensibilityGlobals) = postSolution
		SolutionGuid = {46126ECE-7B4A-4747-832B-599349B2190F}
	EndGlobalSection
EndGlobal
