
Microsoft Visual Studio Solution File, Format Version 12.00
# Visual Studio Version 17
VisualStudioVersion = 17.13.35818.85 d17.13
MinimumVisualStudioVersion = 10.0.40219.1
Project("{FAE04EC0-301F-11D3-BF4B-00C04F79EFBC}") = "sf", "sf\sf.csproj", "{90F3F165-1DF4-461C-81FD-250B8F3AA707}"
EndProject
Global
	GlobalSection(SolutionConfigurationPlatforms) = preSolution
		Debug|Any CPU = Debug|Any CPU
		Release|Any CPU = Release|Any CPU
	EndGlobalSection
	GlobalSection(ProjectConfigurationPlatforms) = postSolution
		{90F3F165-1DF4-461C-81FD-250B8F3AA707}.Debug|Any CPU.ActiveCfg = Debug|Any CPU
		{90F3F165-1DF4-461C-81FD-250B8F3AA707}.Debug|Any CPU.Build.0 = Debug|Any CPU
		{90F3F165-1DF4-461C-81FD-250B8F3AA707}.Release|Any CPU.ActiveCfg = Release|Any CPU
		{90F3F165-1DF4-461C-81FD-250B8F3AA707}.Release|Any CPU.Build.0 = Release|Any CPU
	EndGlobalSection
	GlobalSection(SolutionProperties) = preSolution
		HideSolutionNode = FALSE
	EndGlobalSection
	GlobalSection(ExtensibilityGlobals) = postSolution
		SolutionGuid = {81A3E422-BD5A-47DC-89A1-390B95FC9311}
	EndGlobalSection
EndGlobal
