
Microsoft Visual Studio Solution File, Format Version 12.00
# Visual Studio Version 17
VisualStudioVersion = 17.13.35818.85 d17.13
MinimumVisualStudioVersion = 10.0.40219.1
Project("{FAE04EC0-301F-11D3-BF4B-00C04F79EFBC}") = "Array input max min sum avg", "Array input max min sum avg\Array input max min sum avg.csproj", "{4957822C-C8BC-415C-9E55-A13025E31DEB}"
EndProject
Global
	GlobalSection(SolutionConfigurationPlatforms) = preSolution
		Debug|Any CPU = Debug|Any CPU
		Release|Any CPU = Release|Any CPU
	EndGlobalSection
	GlobalSection(ProjectConfigurationPlatforms) = postSolution
		{4957822C-C8BC-415C-9E55-A13025E31DEB}.Debug|Any CPU.ActiveCfg = Debug|Any CPU
		{4957822C-C8BC-415C-9E55-A13025E31DEB}.Debug|Any CPU.Build.0 = Debug|Any CPU
		{4957822C-C8BC-415C-9E55-A13025E31DEB}.Release|Any CPU.ActiveCfg = Release|Any CPU
		{4957822C-C8BC-415C-9E55-A13025E31DEB}.Release|Any CPU.Build.0 = Release|Any CPU
	EndGlobalSection
	GlobalSection(SolutionProperties) = preSolution
		HideSolutionNode = FALSE
	EndGlobalSection
	GlobalSection(ExtensibilityGlobals) = postSolution
		SolutionGuid = {DA039772-ABCA-4848-A999-12633DD6F777}
	EndGlobalSection
EndGlobal
