
Microsoft Visual Studio Solution File, Format Version 12.00
# Visual Studio Version 17
VisualStudioVersion = 17.13.35818.85 d17.13
MinimumVisualStudioVersion = 10.0.40219.1
Project("{FAE04EC0-301F-11D3-BF4B-00C04F79EFBC}") = "Frst", "Frst\Frst.csproj", "{6A75FEF4-634E-4868-B916-9E18E6D72C29}"
EndProject
Global
	GlobalSection(SolutionConfigurationPlatforms) = preSolution
		Debug|Any CPU = Debug|Any CPU
		Release|Any CPU = Release|Any CPU
	EndGlobalSection
	GlobalSection(ProjectConfigurationPlatforms) = postSolution
		{6A75FEF4-634E-4868-B916-9E18E6D72C29}.Debug|Any CPU.ActiveCfg = Debug|Any CPU
		{6A75FEF4-634E-4868-B916-9E18E6D72C29}.Debug|Any CPU.Build.0 = Debug|Any CPU
		{6A75FEF4-634E-4868-B916-9E18E6D72C29}.Release|Any CPU.ActiveCfg = Release|Any CPU
		{6A75FEF4-634E-4868-B916-9E18E6D72C29}.Release|Any CPU.Build.0 = Release|Any CPU
	EndGlobalSection
	GlobalSection(SolutionProperties) = preSolution
		HideSolutionNode = FALSE
	EndGlobalSection
	GlobalSection(ExtensibilityGlobals) = postSolution
		SolutionGuid = {106E94E9-66CB-4963-A975-F96EA187CA09}
	EndGlobalSection
EndGlobal
