
Microsoft Visual Studio Solution File, Format Version 12.00
# Visual Studio Version 17
VisualStudioVersion = 17.13.35818.85 d17.13
MinimumVisualStudioVersion = 10.0.40219.1
Project("{FAE04EC0-301F-11D3-BF4B-00C04F79EFBC}") = "Assignment q4", "Assignment q4\Assignment q4.csproj", "{17E61A99-43D7-4469-8F24-CA30283DDED0}"
EndProject
Global
	GlobalSection(SolutionConfigurationPlatforms) = preSolution
		Debug|Any CPU = Debug|Any CPU
		Release|Any CPU = Release|Any CPU
	EndGlobalSection
	GlobalSection(ProjectConfigurationPlatforms) = postSolution
		{17E61A99-43D7-4469-8F24-CA30283DDED0}.Debug|Any CPU.ActiveCfg = Debug|Any CPU
		{17E61A99-43D7-4469-8F24-CA30283DDED0}.Debug|Any CPU.Build.0 = Debug|Any CPU
		{17E61A99-43D7-4469-8F24-CA30283DDED0}.Release|Any CPU.ActiveCfg = Release|Any CPU
		{17E61A99-43D7-4469-8F24-CA30283DDED0}.Release|Any CPU.Build.0 = Release|Any CPU
	EndGlobalSection
	GlobalSection(SolutionProperties) = preSolution
		HideSolutionNode = FALSE
	EndGlobalSection
	GlobalSection(ExtensibilityGlobals) = postSolution
		SolutionGuid = {6F2B85C1-E16B-4FCC-A53F-9E513A463F43}
	EndGlobalSection
EndGlobal
