
Microsoft Visual Studio Solution File, Format Version 12.00
# Visual Studio Version 17
VisualStudioVersion = 17.13.35818.85 d17.13
MinimumVisualStudioVersion = 10.0.40219.1
Project("{FAE04EC0-301F-11D3-BF4B-00C04F79EFBC}") = "Copy constructor", "Copy constructor\Copy constructor.csproj", "{CEF0DDBC-6D6E-4052-BA03-43060E5C6C92}"
EndProject
Global
	GlobalSection(SolutionConfigurationPlatforms) = preSolution
		Debug|Any CPU = Debug|Any CPU
		Release|Any CPU = Release|Any CPU
	EndGlobalSection
	GlobalSection(ProjectConfigurationPlatforms) = postSolution
		{CEF0DDBC-6D6E-4052-BA03-43060E5C6C92}.Debug|Any CPU.ActiveCfg = Debug|Any CPU
		{CEF0DDBC-6D6E-4052-BA03-43060E5C6C92}.Debug|Any CPU.Build.0 = Debug|Any CPU
		{CEF0DDBC-6D6E-4052-BA03-43060E5C6C92}.Release|Any CPU.ActiveCfg = Release|Any CPU
		{CEF0DDBC-6D6E-4052-BA03-43060E5C6C92}.Release|Any CPU.Build.0 = Release|Any CPU
	EndGlobalSection
	GlobalSection(SolutionProperties) = preSolution
		HideSolutionNode = FALSE
	EndGlobalSection
	GlobalSection(ExtensibilityGlobals) = postSolution
		SolutionGuid = {2AD7E6B7-F53B-488C-91BD-B1504F9B4D5B}
	EndGlobalSection
EndGlobal
